
Microsoft Visual Studio Solution File, Format Version 12.00
# Visual Studio Version 17
VisualStudioVersion = 17.3.32819.101
MinimumVisualStudioVersion = 10.0.40219.1
Project("{FAE04EC0-301F-11D3-BF4B-00C04F79EFBC}") = "AdvancedHillsCipherImageEncryption", "AdvancedHillsCipherImageEncryption.csproj", "{53C6D1D9-099F-4E9E-80F1-A2EB7183CB66}"
EndProject
Global
	GlobalSection(SolutionConfigurationPlatforms) = preSolution
		Debug|Any CPU = Debug|Any CPU
		Release|Any CPU = Release|Any CPU
	EndGlobalSection
	GlobalSection(ProjectConfigurationPlatforms) = postSolution
		{53C6D1D9-099F-4E9E-80F1-A2EB7183CB66}.Debug|Any CPU.ActiveCfg = Debug|Any CPU
		{53C6D1D9-099F-4E9E-80F1-A2EB7183CB66}.Debug|Any CPU.Build.0 = Debug|Any CPU
		{53C6D1D9-099F-4E9E-80F1-A2EB7183CB66}.Release|Any CPU.ActiveCfg = Release|Any CPU
		{53C6D1D9-099F-4E9E-80F1-A2EB7183CB66}.Release|Any CPU.Build.0 = Release|Any CPU
	EndGlobalSection
	GlobalSection(SolutionProperties) = preSolution
		HideSolutionNode = FALSE
	EndGlobalSection
	GlobalSection(ExtensibilityGlobals) = postSolution
		SolutionGuid = {6D4C4F4F-17B3-4A7A-8DE3-3AF3AD292ABA}
	EndGlobalSection
EndGlobal
